
Microsoft Visual Studio Solution File, Format Version 12.00
# Visual Studio Version 17
VisualStudioVersion = 17.5.33502.453
MinimumVisualStudioVersion = 10.0.40219.1
Project("{9A19103F-16F7-4668-BE54-9A1E7A4F7556}") = "AccessControlPlatform Web", "AccessControlPlatform Web\AccessControlPlatform Web.csproj", "{ADB18E16-B256-4D7C-A9E9-D92E838B2B81}"
EndProject
Project("{9A19103F-16F7-4668-BE54-9A1E7A4F7556}") = "AccessControl Api", "AccessControl Api\AccessControl Api.csproj", "{B6F4608D-CDB0-48DF-A000-322783DFEC94}"
EndProject
Global
	GlobalSection(SolutionConfigurationPlatforms) = preSolution
		Debug|Any CPU = Debug|Any CPU
		Release|Any CPU = Release|Any CPU
	EndGlobalSection
	GlobalSection(ProjectConfigurationPlatforms) = postSolution
		{ADB18E16-B256-4D7C-A9E9-D92E838B2B81}.Debug|Any CPU.ActiveCfg = Debug|Any CPU
		{ADB18E16-B256-4D7C-A9E9-D92E838B2B81}.Debug|Any CPU.Build.0 = Debug|Any CPU
		{ADB18E16-B256-4D7C-A9E9-D92E838B2B81}.Release|Any CPU.ActiveCfg = Release|Any CPU
		{ADB18E16-B256-4D7C-A9E9-D92E838B2B81}.Release|Any CPU.Build.0 = Release|Any CPU
		{B6F4608D-CDB0-48DF-A000-322783DFEC94}.Debug|Any CPU.ActiveCfg = Debug|Any CPU
		{B6F4608D-CDB0-48DF-A000-322783DFEC94}.Debug|Any CPU.Build.0 = Debug|Any CPU
		{B6F4608D-CDB0-48DF-A000-322783DFEC94}.Release|Any CPU.ActiveCfg = Release|Any CPU
		{B6F4608D-CDB0-48DF-A000-322783DFEC94}.Release|Any CPU.Build.0 = Release|Any CPU
	EndGlobalSection
	GlobalSection(SolutionProperties) = preSolution
		HideSolutionNode = FALSE
	EndGlobalSection
	GlobalSection(ExtensibilityGlobals) = postSolution
		SolutionGuid = {C14269F7-2FF5-4799-AEFD-C4175A1A9CD3}
	EndGlobalSection
EndGlobal
